{
  "name": "Purple-Iron-Bulldog",
  "version": "1.0.0",
  "lockfileVersion": 1,
  "requires": true,
  "dependencies": {
    "@pusher/chatkit-client": {
      "version": "1.2.0",
      "resolved": "https://registry.npmjs.org/@pusher/chatkit-client/-/chatkit-client-1.2.0.tgz",
      "integrity": "sha512-D3v6YnVAhnbvFtG5nSv3da5uPP1NI9GcWJloQibzhIuiDqh7tAhit5/RNRxNSF1wLlpHsMw+Vhn1wlq1Yd2fOA==",
      "requires": {
        "@pusher/platform": "^0.15.5",
        "ramda": "^0.25.0"
      }
    },
    "@pusher/platform": {
      "version": "0.15.5",
      "resolved": "https://registry.npmjs.org/@pusher/platform/-/platform-0.15.5.tgz",
      "integrity": "sha512-a+pB4gUEUc/t6iToniu+z3UoH5KcbF/6HUtTrCbStC5LzSydgTigYmpdKVoTUwElW9aZ/A4L9zmZdgX98mW6zQ=="
    },
    "ramda": {
      "version": "0.25.0",
      "resolved": "https://registry.npmjs.org/ramda/-/ramda-0.25.0.tgz",
      "integrity": "sha512-GXpfrYVPwx3K7RQ6aYT8KPS8XViSXUVJT1ONhoKPE9VAleW42YE+U+8VEyGWt41EnEQW7gwecYJriTI0pKoecQ=="
    }
  }
}
